// !$*UTF8*$!
{
	archiveVersion = 1;
	classes = {
	};
	objectVersion = 46;
	objects = {

/* Begin PBXBuildFile section */
		C803EEB21D529EBA003180C2 /* GameOver.sks in Resources */ = {isa = PBXBuildFile; fileRef = C803EEB11D529EBA003180C2 /* GameOver.sks */; };
		C803EEB41D52A05B003180C2 /* GameOver.swift in Sources */ = {isa = PBXBuildFile; fileRef = C803EEB31D52A05B003180C2 /* GameOver.swift */; };
		C806411A1D47F3F600DF1DED /* Character1.sks in Resources */ = {isa = PBXBuildFile; fileRef = C80641191D47F3F600DF1DED /* Character1.sks */; };
		C806411D1D47F90100DF1DED /* Fire.sks in Resources */ = {isa = PBXBuildFile; fileRef = C806411B1D47F90100DF1DED /* Fire.sks */; };
		C806411E1D47F90100DF1DED /* spark.png in Resources */ = {isa = PBXBuildFile; fileRef = C806411C1D47F90100DF1DED /* spark.png */; };
		C80706D51D3EC341002FED0A /* Boost.sks in Resources */ = {isa = PBXBuildFile; fileRef = C80706D41D3EC341002FED0A /* Boost.sks */; };
		C80BE10B1D42D17400064567 /* Box4.sks in Resources */ = {isa = PBXBuildFile; fileRef = C80BE10A1D42D17400064567 /* Box4.sks */; };
		C856C20E1D4EC5EA0074BA5C /* ghostGirl_0000.png in Resources */ = {isa = PBXBuildFile; fileRef = C856C2011D4EC5EA0074BA5C /* ghostGirl_0000.png */; };
		C856C20F1D4EC5EA0074BA5C /* ghostGirl_0001.png in Resources */ = {isa = PBXBuildFile; fileRef = C856C2021D4EC5EA0074BA5C /* ghostGirl_0001.png */; };
		C856C2101D4EC5EA0074BA5C /* ghostGirl_0002.png in Resources */ = {isa = PBXBuildFile; fileRef = C856C2031D4EC5EA0074BA5C /* ghostGirl_0002.png */; };
		C856C2111D4EC5EA0074BA5C /* ghostGirl_0003.png in Resources */ = {isa = PBXBuildFile; fileRef = C856C2041D4EC5EA0074BA5C /* ghostGirl_0003.png */; };
		C856C2121D4EC5EA0074BA5C /* ghostGirl_0004.png in Resources */ = {isa = PBXBuildFile; fileRef = C856C2051D4EC5EA0074BA5C /* ghostGirl_0004.png */; };
		C856C2131D4EC5EA0074BA5C /* ghostGirl_0005.png in Resources */ = {isa = PBXBuildFile; fileRef = C856C2061D4EC5EA0074BA5C /* ghostGirl_0005.png */; };
		C856C2141D4EC5EA0074BA5C /* ghostGirl_0006.png in Resources */ = {isa = PBXBuildFile; fileRef = C856C2071D4EC5EA0074BA5C /* ghostGirl_0006.png */; };
		C856C2151D4EC5EA0074BA5C /* ghostGirl_0007.png in Resources */ = {isa = PBXBuildFile; fileRef = C856C2081D4EC5EA0074BA5C /* ghostGirl_0007.png */; };
		C856C2161D4EC5EA0074BA5C /* ghostGirl_0008.png in Resources */ = {isa = PBXBuildFile; fileRef = C856C2091D4EC5EA0074BA5C /* ghostGirl_0008.png */; };
		C856C2171D4EC5EA0074BA5C /* ghostGirl_0009.png in Resources */ = {isa = PBXBuildFile; fileRef = C856C20A1D4EC5EA0074BA5C /* ghostGirl_0009.png */; };
		C856C2181D4EC5EA0074BA5C /* ghostGirl_0010.png in Resources */ = {isa = PBXBuildFile; fileRef = C856C20B1D4EC5EA0074BA5C /* ghostGirl_0010.png */; };
		C856C2191D4EC5EA0074BA5C /* ghostGirl_0011.png in Resources */ = {isa = PBXBuildFile; fileRef = C856C20C1D4EC5EA0074BA5C /* ghostGirl_0011.png */; };
		C856C21A1D4EC5EA0074BA5C /* ghostGirl_0012.png in Resources */ = {isa = PBXBuildFile; fileRef = C856C20D1D4EC5EA0074BA5C /* ghostGirl_0012.png */; };
		C881D97E1D3E99A700038702 /* Ghost.sks in Resources */ = {isa = PBXBuildFile; fileRef = C881D97D1D3E99A700038702 /* Ghost.sks */; };
		C8B289DC1D502257005A57F8 /* treeSlide.sks in Resources */ = {isa = PBXBuildFile; fileRef = C8B289DB1D502257005A57F8 /* treeSlide.sks */; };
		C8B289DE1D5103B7005A57F8 /* Dummy.sks in Resources */ = {isa = PBXBuildFile; fileRef = C8B289DD1D5103B7005A57F8 /* Dummy.sks */; };
		C8B289E21D512B9D005A57F8 /* MissionReport.swift in Sources */ = {isa = PBXBuildFile; fileRef = C8B289E11D512B9D005A57F8 /* MissionReport.swift */; };
		C8BCEFE61D49947C008F87F0 /* Assets.xcassets in Resources */ = {isa = PBXBuildFile; fileRef = C8BCEFE51D49947C008F87F0 /* Assets.xcassets */; };
		C8D00DD61D3D392400DC3FEB /* AppDelegate.swift in Sources */ = {isa = PBXBuildFile; fileRef = C8D00DD51D3D392400DC3FEB /* AppDelegate.swift */; };
		C8D00DD81D3D392400DC3FEB /* GameScene.sks in Resources */ = {isa = PBXBuildFile; fileRef = C8D00DD71D3D392400DC3FEB /* GameScene.sks */; };
		C8D00DDA1D3D392400DC3FEB /* GameScene.swift in Sources */ = {isa = PBXBuildFile; fileRef = C8D00DD91D3D392400DC3FEB /* GameScene.swift */; };
		C8D00DDC1D3D392400DC3FEB /* GameViewController.swift in Sources */ = {isa = PBXBuildFile; fileRef = C8D00DDB1D3D392400DC3FEB /* GameViewController.swift */; };
		C8D00DDF1D3D392400DC3FEB /* Main.storyboard in Resources */ = {isa = PBXBuildFile; fileRef = C8D00DDD1D3D392400DC3FEB /* Main.storyboard */; };
		C8D00DE41D3D392400DC3FEB /* LaunchScreen.storyboard in Resources */ = {isa = PBXBuildFile; fileRef = C8D00DE21D3D392400DC3FEB /* LaunchScreen.storyboard */; };
		C8D00DEF1D3D392400DC3FEB /* RunAwayTests.swift in Sources */ = {isa = PBXBuildFile; fileRef = C8D00DEE1D3D392400DC3FEB /* RunAwayTests.swift */; };
		C8D00DFA1D3D392400DC3FEB /* RunAwayUITests.swift in Sources */ = {isa = PBXBuildFile; fileRef = C8D00DF91D3D392400DC3FEB /* RunAwayUITests.swift */; };
		C8D00E0E1D3D4B7800DC3FEB /* Box1.sks in Resources */ = {isa = PBXBuildFile; fileRef = C8D00E0D1D3D4B7800DC3FEB /* Box1.sks */; };
		C8D00E101D3D4BAC00DC3FEB /* Box2.sks in Resources */ = {isa = PBXBuildFile; fileRef = C8D00E0F1D3D4BAC00DC3FEB /* Box2.sks */; };
		C8D00E121D3D4BDC00DC3FEB /* Lantern.sks in Resources */ = {isa = PBXBuildFile; fileRef = C8D00E111D3D4BDC00DC3FEB /* Lantern.sks */; };
		C8EB843F1D4FCA8600413D9E /* LanternGlow.sks in Resources */ = {isa = PBXBuildFile; fileRef = C8EB843E1D4FCA8600413D9E /* LanternGlow.sks */; };
		C8EB84411D4FCCF800413D9E /* lanternFlame.sks in Resources */ = {isa = PBXBuildFile; fileRef = C8EB84401D4FCCF800413D9E /* lanternFlame.sks */; };
		C8EB84451D4FEC2A00413D9E /* sparkle.sks in Resources */ = {isa = PBXBuildFile; fileRef = C8EB84441D4FEC2A00413D9E /* sparkle.sks */; };
/* End PBXBuildFile section */

/* Begin PBXContainerItemProxy section */
		C8D00DEB1D3D392400DC3FEB /* PBXContainerItemProxy */ = {
			isa = PBXContainerItemProxy;
			containerPortal = C8D00DCA1D3D392300DC3FEB /* Project object */;
			proxyType = 1;
			remoteGlobalIDString = C8D00DD11D3D392400DC3FEB;
			remoteInfo = RunAway;
		};
		C8D00DF61D3D392400DC3FEB /* PBXContainerItemProxy */ = {
			isa = PBXContainerItemProxy;
			containerPortal = C8D00DCA1D3D392300DC3FEB /* Project object */;
			proxyType = 1;
			remoteGlobalIDString = C8D00DD11D3D392400DC3FEB;
			remoteInfo = RunAway;
		};
/* End PBXContainerItemProxy section */

/* Begin PBXFileReference section */
		C803EEB11D529EBA003180C2 /* GameOver.sks */ = {isa = PBXFileReference; lastKnownFileType = file.sks; path = GameOver.sks; sourceTree = "<group>"; };
		C803EEB31D52A05B003180C2 /* GameOver.swift */ = {isa = PBXFileReference; fileEncoding = 4; lastKnownFileType = sourcecode.swift; path = GameOver.swift; sourceTree = "<group>"; };
		C80641191D47F3F600DF1DED /* Character1.sks */ = {isa = PBXFileReference; lastKnownFileType = file.sks; path = Character1.sks; sourceTree = "<group>"; };
		C806411B1D47F90100DF1DED /* Fire.sks */ = {isa = PBXFileReference; lastKnownFileType = file.sks; path = Fire.sks; sourceTree = "<group>"; };
		C806411C1D47F90100DF1DED /* spark.png */ = {isa = PBXFileReference; lastKnownFileType = image.png; path = spark.png; sourceTree = "<group>"; };
		C80706D41D3EC341002FED0A /* Boost.sks */ = {isa = PBXFileReference; lastKnownFileType = file.sks; path = Boost.sks; sourceTree = "<group>"; };
		C80BE10A1D42D17400064567 /* Box4.sks */ = {isa = PBXFileReference; lastKnownFileType = file.sks; path = Box4.sks; sourceTree = "<group>"; };
		C856C2011D4EC5EA0074BA5C /* ghostGirl_0000.png */ = {isa = PBXFileReference; lastKnownFileType = image.png; path = ghostGirl_0000.png; sourceTree = "<group>"; };
		C856C2021D4EC5EA0074BA5C /* ghostGirl_0001.png */ = {isa = PBXFileReference; lastKnownFileType = image.png; path = ghostGirl_0001.png; sourceTree = "<group>"; };
		C856C2031D4EC5EA0074BA5C /* ghostGirl_0002.png */ = {isa = PBXFileReference; lastKnownFileType = image.png; path = ghostGirl_0002.png; sourceTree = "<group>"; };
		C856C2041D4EC5EA0074BA5C /* ghostGirl_0003.png */ = {isa = PBXFileReference; lastKnownFileType = image.png; path = ghostGirl_0003.png; sourceTree = "<group>"; };
		C856C2051D4EC5EA0074BA5C /* ghostGirl_0004.png */ = {isa = PBXFileReference; lastKnownFileType = image.png; path = ghostGirl_0004.png; sourceTree = "<group>"; };
		C856C2061D4EC5EA0074BA5C /* ghostGirl_0005.png */ = {isa = PBXFileReference; lastKnownFileType = image.png; path = ghostGirl_0005.png; sourceTree = "<group>"; };
		C856C2071D4EC5EA0074BA5C /* ghostGirl_0006.png */ = {isa = PBXFileReference; lastKnownFileType = image.png; path = ghostGirl_0006.png; sourceTree = "<group>"; };
		C856C2081D4EC5EA0074BA5C /* ghostGirl_0007.png */ = {isa = PBXFileReference; lastKnownFileType = image.png; path = ghostGirl_0007.png; sourceTree = "<group>"; };
		C856C2091D4EC5EA0074BA5C /* ghostGirl_0008.png */ = {isa = PBXFileReference; lastKnownFileType = image.png; path = ghostGirl_0008.png; sourceTree = "<group>"; };
		C856C20A1D4EC5EA0074BA5C /* ghostGirl_0009.png */ = {isa = PBXFileReference; lastKnownFileType = image.png; path = ghostGirl_0009.png; sourceTree = "<group>"; };
		C856C20B1D4EC5EA0074BA5C /* ghostGirl_0010.png */ = {isa = PBXFileReference; lastKnownFileType = image.png; path = ghostGirl_0010.png; sourceTree = "<group>"; };
		C856C20C1D4EC5EA0074BA5C /* ghostGirl_0011.png */ = {isa = PBXFileReference; lastKnownFileType = image.png; path = ghostGirl_0011.png; sourceTree = "<group>"; };
		C856C20D1D4EC5EA0074BA5C /* ghostGirl_0012.png */ = {isa = PBXFileReference; lastKnownFileType = image.png; path = ghostGirl_0012.png; sourceTree = "<group>"; };
		C881D97D1D3E99A700038702 /* Ghost.sks */ = {isa = PBXFileReference; lastKnownFileType = file.sks; path = Ghost.sks; sourceTree = "<group>"; };
		C8B289DB1D502257005A57F8 /* treeSlide.sks */ = {isa = PBXFileReference; lastKnownFileType = file.sks; path = treeSlide.sks; sourceTree = "<group>"; };
		C8B289DD1D5103B7005A57F8 /* Dummy.sks */ = {isa = PBXFileReference; lastKnownFileType = file.sks; path = Dummy.sks; sourceTree = "<group>"; };
		C8B289E11D512B9D005A57F8 /* MissionReport.swift */ = {isa = PBXFileReference; fileEncoding = 4; lastKnownFileType = sourcecode.swift; path = MissionReport.swift; sourceTree = "<group>"; };
		C8BCEFE51D49947C008F87F0 /* Assets.xcassets */ = {isa = PBXFileReference; lastKnownFileType = folder.assetcatalog; path = Assets.xcassets; sourceTree = "<group>"; };
		C8D00DD21D3D392400DC3FEB /* RunAway.app */ = {isa = PBXFileReference; explicitFileType = wrapper.application; includeInIndex = 0; path = RunAway.app; sourceTree = BUILT_PRODUCTS_DIR; };
		C8D00DD51D3D392400DC3FEB /* AppDelegate.swift */ = {isa = PBXFileReference; lastKnownFileType = sourcecode.swift; path = AppDelegate.swift; sourceTree = "<group>"; };
		C8D00DD71D3D392400DC3FEB /* GameScene.sks */ = {isa = PBXFileReference; lastKnownFileType = file.sks; path = GameScene.sks; sourceTree = "<group>"; };
		C8D00DD91D3D392400DC3FEB /* GameScene.swift */ = {isa = PBXFileReference; lastKnownFileType = sourcecode.swift; path = GameScene.swift; sourceTree = "<group>"; };
		C8D00DDB1D3D392400DC3FEB /* GameViewController.swift */ = {isa = PBXFileReference; lastKnownFileType = sourcecode.swift; path = GameViewController.swift; sourceTree = "<group>"; };
		C8D00DDE1D3D392400DC3FEB /* Base */ = {isa = PBXFileReference; lastKnownFileType = file.storyboard; name = Base; path = Base.lproj/Main.storyboard; sourceTree = "<group>"; };
		C8D00DE31D3D392400DC3FEB /* Base */ = {isa = PBXFileReference; lastKnownFileType = file.storyboard; name = Base; path = Base.lproj/LaunchScreen.storyboard; sourceTree = "<group>"; };
		C8D00DE51D3D392400DC3FEB /* Info.plist */ = {isa = PBXFileReference; lastKnownFileType = text.plist.xml; path = Info.plist; sourceTree = "<group>"; };
		C8D00DEA1D3D392400DC3FEB /* RunAwayTests.xctest */ = {isa = PBXFileReference; explicitFileType = wrapper.cfbundle; includeInIndex = 0; path = RunAwayTests.xctest; sourceTree = BUILT_PRODUCTS_DIR; };
		C8D00DEE1D3D392400DC3FEB /* RunAwayTests.swift */ = {isa = PBXFileReference; lastKnownFileType = sourcecode.swift; path = RunAwayTests.swift; sourceTree = "<group>"; };
		C8D00DF01D3D392400DC3FEB /* Info.plist */ = {isa = PBXFileReference; lastKnownFileType = text.plist.xml; path = Info.plist; sourceTree = "<group>"; };
		C8D00DF51D3D392400DC3FEB /* RunAwayUITests.xctest */ = {isa = PBXFileReference; explicitFileType = wrapper.cfbundle; includeInIndex = 0; path = RunAwayUITests.xctest; sourceTree = BUILT_PRODUCTS_DIR; };
		C8D00DF91D3D392400DC3FEB /* RunAwayUITests.swift */ = {isa = PBXFileReference; lastKnownFileType = sourcecode.swift; path = RunAwayUITests.swift; sourceTree = "<group>"; };
		C8D00DFB1D3D392400DC3FEB /* Info.plist */ = {isa = PBXFileReference; lastKnownFileType = text.plist.xml; path = Info.plist; sourceTree = "<group>"; };
		C8D00E0D1D3D4B7800DC3FEB /* Box1.sks */ = {isa = PBXFileReference; lastKnownFileType = file.sks; path = Box1.sks; sourceTree = "<group>"; };
		C8D00E0F1D3D4BAC00DC3FEB /* Box2.sks */ = {isa = PBXFileReference; lastKnownFileType = file.sks; path = Box2.sks; sourceTree = "<group>"; };
		C8D00E111D3D4BDC00DC3FEB /* Lantern.sks */ = {isa = PBXFileReference; lastKnownFileType = file.sks; path = Lantern.sks; sourceTree = "<group>"; };
		C8EB843E1D4FCA8600413D9E /* LanternGlow.sks */ = {isa = PBXFileReference; lastKnownFileType = file.sks; path = LanternGlow.sks; sourceTree = "<group>"; };
		C8EB84401D4FCCF800413D9E /* lanternFlame.sks */ = {isa = PBXFileReference; lastKnownFileType = file.sks; path = lanternFlame.sks; sourceTree = "<group>"; };
		C8EB84441D4FEC2A00413D9E /* sparkle.sks */ = {isa = PBXFileReference; lastKnownFileType = file.sks; path = sparkle.sks; sourceTree = "<group>"; };
/* End PBXFileReference section */

/* Begin PBXFrameworksBuildPhase section */
		C8D00DCF1D3D392400DC3FEB /* Frameworks */ = {
			isa = PBXFrameworksBuildPhase;
			buildActionMask = 2147483647;
			files = (
			);
			runOnlyForDeploymentPostprocessing = 0;
		};
		C8D00DE71D3D392400DC3FEB /* Frameworks */ = {
			isa = PBXFrameworksBuildPhase;
			buildActionMask = 2147483647;
			files = (
			);
			runOnlyForDeploymentPostprocessing = 0;
		};
		C8D00DF21D3D392400DC3FEB /* Frameworks */ = {
			isa = PBXFrameworksBuildPhase;
			buildActionMask = 2147483647;
			files = (
			);
			runOnlyForDeploymentPostprocessing = 0;
		};
/* End PBXFrameworksBuildPhase section */

/* Begin PBXGroup section */
		C856C2001D4EC5EA0074BA5C /* ghost */ = {
			isa = PBXGroup;
			children = (
				C856C2011D4EC5EA0074BA5C /* ghostGirl_0000.png */,
				C856C2021D4EC5EA0074BA5C /* ghostGirl_0001.png */,
				C856C2031D4EC5EA0074BA5C /* ghostGirl_0002.png */,
				C856C2041D4EC5EA0074BA5C /* ghostGirl_0003.png */,
				C856C2051D4EC5EA0074BA5C /* ghostGirl_0004.png */,
				C856C2061D4EC5EA0074BA5C /* ghostGirl_0005.png */,
				C856C2071D4EC5EA0074BA5C /* ghostGirl_0006.png */,
				C856C2081D4EC5EA0074BA5C /* ghostGirl_0007.png */,
				C856C2091D4EC5EA0074BA5C /* ghostGirl_0008.png */,
				C856C20A1D4EC5EA0074BA5C /* ghostGirl_0009.png */,
				C856C20B1D4EC5EA0074BA5C /* ghostGirl_0010.png */,
				C856C20C1D4EC5EA0074BA5C /* ghostGirl_0011.png */,
				C856C20D1D4EC5EA0074BA5C /* ghostGirl_0012.png */,
			);
			path = ghost;
			sourceTree = "<group>";
		};
		C8D00DC91D3D392300DC3FEB = {
			isa = PBXGroup;
			children = (
				C8D00DD41D3D392400DC3FEB /* RunAway */,
				C8D00DED1D3D392400DC3FEB /* RunAwayTests */,
				C8D00DF81D3D392400DC3FEB /* RunAwayUITests */,
				C8D00DD31D3D392400DC3FEB /* Products */,
			);
			sourceTree = "<group>";
		};
		C8D00DD31D3D392400DC3FEB /* Products */ = {
			isa = PBXGroup;
			children = (
				C8D00DD21D3D392400DC3FEB /* RunAway.app */,
				C8D00DEA1D3D392400DC3FEB /* RunAwayTests.xctest */,
				C8D00DF51D3D392400DC3FEB /* RunAwayUITests.xctest */,
			);
			name = Products;
			sourceTree = "<group>";
		};
		C8D00DD41D3D392400DC3FEB /* RunAway */ = {
			isa = PBXGroup;
			children = (
				C856C2001D4EC5EA0074BA5C /* ghost */,
				C8D00E151D3D4C4D00DC3FEB /* SKS */,
				C8D00DD91D3D392400DC3FEB /* GameScene.swift */,
				C8B289E11D512B9D005A57F8 /* MissionReport.swift */,
				C803EEB31D52A05B003180C2 /* GameOver.swift */,
				C8D00DDD1D3D392400DC3FEB /* Main.storyboard */,
				C8D00DD51D3D392400DC3FEB /* AppDelegate.swift */,
				C8D00DE21D3D392400DC3FEB /* LaunchScreen.storyboard */,
				C8D00DE51D3D392400DC3FEB /* Info.plist */,
				C8BCEFE51D49947C008F87F0 /* Assets.xcassets */,
				C8D00DDB1D3D392400DC3FEB /* GameViewController.swift */,
			);
			path = RunAway;
			sourceTree = "<group>";
		};
		C8D00DED1D3D392400DC3FEB /* RunAwayTests */ = {
			isa = PBXGroup;
			children = (
				C8D00DEE1D3D392400DC3FEB /* RunAwayTests.swift */,
				C8D00DF01D3D392400DC3FEB /* Info.plist */,
			);
			path = RunAwayTests;
			sourceTree = "<group>";
		};
		C8D00DF81D3D392400DC3FEB /* RunAwayUITests */ = {
			isa = PBXGroup;
			children = (
				C8D00DF91D3D392400DC3FEB /* RunAwayUITests.swift */,
				C8D00DFB1D3D392400DC3FEB /* Info.plist */,
			);
			path = RunAwayUITests;
			sourceTree = "<group>";
		};
		C8D00E151D3D4C4D00DC3FEB /* SKS */ = {
			isa = PBXGroup;
			children = (
				C80706D41D3EC341002FED0A /* Boost.sks */,
				C8EB84441D4FEC2A00413D9E /* sparkle.sks */,
				C8EB843E1D4FCA8600413D9E /* LanternGlow.sks */,
				C8EB84401D4FCCF800413D9E /* lanternFlame.sks */,
				C806411B1D47F90100DF1DED /* Fire.sks */,
				C806411C1D47F90100DF1DED /* spark.png */,
				C8B289DD1D5103B7005A57F8 /* Dummy.sks */,
				C80641191D47F3F600DF1DED /* Character1.sks */,
				C881D97D1D3E99A700038702 /* Ghost.sks */,
				C8D00E0D1D3D4B7800DC3FEB /* Box1.sks */,
				C8D00E0F1D3D4BAC00DC3FEB /* Box2.sks */,
				C8D00E111D3D4BDC00DC3FEB /* Lantern.sks */,
				C80BE10A1D42D17400064567 /* Box4.sks */,
				C8B289DB1D502257005A57F8 /* treeSlide.sks */,
				C8D00DD71D3D392400DC3FEB /* GameScene.sks */,
				C803EEB11D529EBA003180C2 /* GameOver.sks */,
			);
			name = SKS;
			sourceTree = "<group>";
		};
/* End PBXGroup section */

/* Begin PBXNativeTarget section */
		C8D00DD11D3D392400DC3FEB /* RunAway */ = {
			isa = PBXNativeTarget;
			buildConfigurationList = C8D00DFE1D3D392400DC3FEB /* Build configuration list for PBXNativeTarget "RunAway" */;
			buildPhases = (
				C8D00DCE1D3D392400DC3FEB /* Sources */,
				C8D00DCF1D3D392400DC3FEB /* Frameworks */,
				C8D00DD01D3D392400DC3FEB /* Resources */,
			);
			buildRules = (
			);
			dependencies = (
			);
			name = RunAway;
			productName = RunAway;
			productReference = C8D00DD21D3D392400DC3FEB /* RunAway.app */;
			productType = "com.apple.product-type.application";
		};
		C8D00DE91D3D392400DC3FEB /* RunAwayTests */ = {
			isa = PBXNativeTarget;
			buildConfigurationList = C8D00E011D3D392400DC3FEB /* Build configuration list for PBXNativeTarget "RunAwayTests" */;
			buildPhases = (
				C8D00DE61D3D392400DC3FEB /* Sources */,
				C8D00DE71D3D392400DC3FEB /* Frameworks */,
				C8D00DE81D3D392400DC3FEB /* Resources */,
			);
			buildRules = (
			);
			dependencies = (
				C8D00DEC1D3D392400DC3FEB /* PBXTargetDependency */,
			);
			name = RunAwayTests;
			productName = RunAwayTests;
			productReference = C8D00DEA1D3D392400DC3FEB /* RunAwayTests.xctest */;
			productType = "com.apple.product-type.bundle.unit-test";
		};
		C8D00DF41D3D392400DC3FEB /* RunAwayUITests */ = {
			isa = PBXNativeTarget;
			buildConfigurationList = C8D00E041D3D392400DC3FEB /* Build configuration list for PBXNativeTarget "RunAwayUITests" */;
			buildPhases = (
				C8D00DF11D3D392400DC3FEB /* Sources */,
				C8D00DF21D3D392400DC3FEB /* Frameworks */,
				C8D00DF31D3D392400DC3FEB /* Resources */,
			);
			buildRules = (
			);
			dependencies = (
				C8D00DF71D3D392400DC3FEB /* PBXTargetDependency */,
			);
			name = RunAwayUITests;
			productName = RunAwayUITests;
			productReference = C8D00DF51D3D392400DC3FEB /* RunAwayUITests.xctest */;
			productType = "com.apple.product-type.bundle.ui-testing";
		};
/* End PBXNativeTarget section */

/* Begin PBXProject section */
		C8D00DCA1D3D392300DC3FEB /* Project object */ = {
			isa = PBXProject;
			attributes = {
				LastSwiftUpdateCheck = 0730;
				LastUpgradeCheck = 0730;
				ORGANIZATIONNAME = nityamshrestha.com;
				TargetAttributes = {
					C8D00DD11D3D392400DC3FEB = {
						CreatedOnToolsVersion = 7.3.1;
						DevelopmentTeam = LHNAR6786L;
					};
					C8D00DE91D3D392400DC3FEB = {
						CreatedOnToolsVersion = 7.3.1;
						DevelopmentTeam = LHNAR6786L;
						TestTargetID = C8D00DD11D3D392400DC3FEB;
					};
					C8D00DF41D3D392400DC3FEB = {
						CreatedOnToolsVersion = 7.3.1;
						DevelopmentTeam = LHNAR6786L;
						TestTargetID = C8D00DD11D3D392400DC3FEB;
					};
				};
			};
			buildConfigurationList = C8D00DCD1D3D392300DC3FEB /* Build configuration list for PBXProject "RunAway" */;
			compatibilityVersion = "Xcode 3.2";
			developmentRegion = English;
			hasScannedForEncodings = 0;
			knownRegions = (
				en,
				Base,
			);
			mainGroup = C8D00DC91D3D392300DC3FEB;
			productRefGroup = C8D00DD31D3D392400DC3FEB /* Products */;
			projectDirPath = "";
			projectRoot = "";
			targets = (
				C8D00DD11D3D392400DC3FEB /* RunAway */,
				C8D00DE91D3D392400DC3FEB /* RunAwayTests */,
				C8D00DF41D3D392400DC3FEB /* RunAwayUITests */,
			);
		};
/* End PBXProject section */

/* Begin PBXResourcesBuildPhase section */
		C8D00DD01D3D392400DC3FEB /* Resources */ = {
			isa = PBXResourcesBuildPhase;
			buildActionMask = 2147483647;
			files = (
				C8EB84451D4FEC2A00413D9E /* sparkle.sks in Resources */,
				C806411E1D47F90100DF1DED /* spark.png in Resources */,
				C8D00E101D3D4BAC00DC3FEB /* Box2.sks in Resources */,
				C806411A1D47F3F600DF1DED /* Character1.sks in Resources */,
				C80BE10B1D42D17400064567 /* Box4.sks in Resources */,
				C80706D51D3EC341002FED0A /* Boost.sks in Resources */,
				C8B289DC1D502257005A57F8 /* treeSlide.sks in Resources */,
				C8BCEFE61D49947C008F87F0 /* Assets.xcassets in Resources */,
				C8D00DD81D3D392400DC3FEB /* GameScene.sks in Resources */,
				C856C2161D4EC5EA0074BA5C /* ghostGirl_0008.png in Resources */,
				C856C2181D4EC5EA0074BA5C /* ghostGirl_0010.png in Resources */,
				C856C2131D4EC5EA0074BA5C /* ghostGirl_0005.png in Resources */,
				C856C20E1D4EC5EA0074BA5C /* ghostGirl_0000.png in Resources */,
				C8D00DE41D3D392400DC3FEB /* LaunchScreen.storyboard in Resources */,
				C881D97E1D3E99A700038702 /* Ghost.sks in Resources */,
				C856C2111D4EC5EA0074BA5C /* ghostGirl_0003.png in Resources */,
				C8D00E0E1D3D4B7800DC3FEB /* Box1.sks in Resources */,
				C8D00E121D3D4BDC00DC3FEB /* Lantern.sks in Resources */,
				C856C2101D4EC5EA0074BA5C /* ghostGirl_0002.png in Resources */,
				C856C2191D4EC5EA0074BA5C /* ghostGirl_0011.png in Resources */,
				C8B289DE1D5103B7005A57F8 /* Dummy.sks in Resources */,
				C856C20F1D4EC5EA0074BA5C /* ghostGirl_0001.png in Resources */,
				C806411D1D47F90100DF1DED /* Fire.sks in Resources */,
				C856C2171D4EC5EA0074BA5C /* ghostGirl_0009.png in Resources */,
				C856C21A1D4EC5EA0074BA5C /* ghostGirl_0012.png in Resources */,
				C8D00DDF1D3D392400DC3FEB /* Main.storyboard in Resources */,
				C8EB843F1D4FCA8600413D9E /* LanternGlow.sks in Resources */,
				C8EB84411D4FCCF800413D9E /* lanternFlame.sks in Resources */,
				C856C2121D4EC5EA0074BA5C /* ghostGirl_0004.png in Resources */,
				C856C2151D4EC5EA0074BA5C /* ghostGirl_0007.png in Resources */,
				C803EEB21D529EBA003180C2 /* GameOver.sks in Resources */,
				C856C2141D4EC5EA0074BA5C /* ghostGirl_0006.png in Resources */,
			);
			runOnlyForDeploymentPostprocessing = 0;
		};
		C8D00DE81D3D392400DC3FEB /* Resources */ = {
			isa = PBXResourcesBuildPhase;
			buildActionMask = 2147483647;
			files = (
			);
			runOnlyForDeploymentPostprocessing = 0;
		};
		C8D00DF31D3D392400DC3FEB /* Resources */ = {
			isa = PBXResourcesBuildPhase;
			buildActionMask = 2147483647;
			files = (
			);
			runOnlyForDeploymentPostprocessing = 0;
		};
/* End PBXResourcesBuildPhase section */

/* Begin PBXSourcesBuildPhase section */
		C8D00DCE1D3D392400DC3FEB /* Sources */ = {
			isa = PBXSourcesBuildPhase;
			buildActionMask = 2147483647;
			files = (
				C8B289E21D512B9D005A57F8 /* MissionReport.swift in Sources */,
				C8D00DDA1D3D392400DC3FEB /* GameScene.swift in Sources */,
				C8D00DDC1D3D392400DC3FEB /* GameViewController.swift in Sources */,
				C803EEB41D52A05B003180C2 /* GameOver.swift in Sources */,
				C8D00DD61D3D392400DC3FEB /* AppDelegate.swift in Sources */,
			);
			runOnlyForDeploymentPostprocessing = 0;
		};
		C8D00DE61D3D392400DC3FEB /* Sources */ = {
			isa = PBXSourcesBuildPhase;
			buildActionMask = 2147483647;
			files = (
				C8D00DEF1D3D392400DC3FEB /* RunAwayTests.swift in Sources */,
			);
			runOnlyForDeploymentPostprocessing = 0;
		};
		C8D00DF11D3D392400DC3FEB /* Sources */ = {
			isa = PBXSourcesBuildPhase;
			buildActionMask = 2147483647;
			files = (
				C8D00DFA1D3D392400DC3FEB /* RunAwayUITests.swift in Sources */,
			);
			runOnlyForDeploymentPostprocessing = 0;
		};
/* End PBXSourcesBuildPhase section */

/* Begin PBXTargetDependency section */
		C8D00DEC1D3D392400DC3FEB /* PBXTargetDependency */ = {
			isa = PBXTargetDependency;
			target = C8D00DD11D3D392400DC3FEB /* RunAway */;
			targetProxy = C8D00DEB1D3D392400DC3FEB /* PBXContainerItemProxy */;
		};
		C8D00DF71D3D392400DC3FEB /* PBXTargetDependency */ = {
			isa = PBXTargetDependency;
			target = C8D00DD11D3D392400DC3FEB /* RunAway */;
			targetProxy = C8D00DF61D3D392400DC3FEB /* PBXContainerItemProxy */;
		};
/* End PBXTargetDependency section */

/* Begin PBXVariantGroup section */
		C8D00DDD1D3D392400DC3FEB /* Main.storyboard */ = {
			isa = PBXVariantGroup;
			children = (
				C8D00DDE1D3D392400DC3FEB /* Base */,
			);
			name = Main.storyboard;
			sourceTree = "<group>";
		};
		C8D00DE21D3D392400DC3FEB /* LaunchScreen.storyboard */ = {
			isa = PBXVariantGroup;
			children = (
				C8D00DE31D3D392400DC3FEB /* Base */,
			);
			name = LaunchScreen.storyboard;
			sourceTree = "<group>";
		};
/* End PBXVariantGroup section */

/* Begin XCBuildConfiguration section */
		C8D00DFC1D3D392400DC3FEB /* Debug */ = {
			isa = XCBuildConfiguration;
			buildSettings = {
				ALWAYS_SEARCH_USER_PATHS = NO;
				CLANG_ANALYZER_NONNULL = YES;
				CLANG_CXX_LANGUAGE_STANDARD = "gnu++0x";
				CLANG_CXX_LIBRARY = "libc++";
				CLANG_ENABLE_MODULES = YES;
				CLANG_ENABLE_OBJC_ARC = YES;
				CLANG_WARN_BOOL_CONVERSION = YES;
				CLANG_WARN_CONSTANT_CONVERSION = YES;
				CLANG_WARN_DIRECT_OBJC_ISA_USAGE = YES_ERROR;
				CLANG_WARN_EMPTY_BODY = YES;
				CLANG_WARN_ENUM_CONVERSION = YES;
				CLANG_WARN_INT_CONVERSION = YES;
				CLANG_WARN_OBJC_ROOT_CLASS = YES_ERROR;
				CLANG_WARN_UNREACHABLE_CODE = YES;
				CLANG_WARN__DUPLICATE_METHOD_MATCH = YES;
				"CODE_SIGN_IDENTITY[sdk=iphoneos*]" = "iPhone Developer";
				COPY_PHASE_STRIP = NO;
				DEBUG_INFORMATION_FORMAT = "dwarf-with-dsym";
				ENABLE_STRICT_OBJC_MSGSEND = YES;
				ENABLE_TESTABILITY = YES;
				GCC_C_LANGUAGE_STANDARD = gnu99;
				GCC_DYNAMIC_NO_PIC = NO;
				GCC_NO_COMMON_BLOCKS = YES;
				GCC_OPTIMIZATION_LEVEL = 0;
				GCC_PREPROCESSOR_DEFINITIONS = (
					"DEBUG=1",
					"$(inherited)",
				);
				GCC_WARN_64_TO_32_BIT_CONVERSION = YES;
				GCC_WARN_ABOUT_RETURN_TYPE = YES_ERROR;
				GCC_WARN_UNDECLARED_SELECTOR = YES;
				GCC_WARN_UNINITIALIZED_AUTOS = YES_AGGRESSIVE;
				GCC_WARN_UNUSED_FUNCTION = YES;
				GCC_WARN_UNUSED_VARIABLE = YES;
				IPHONEOS_DEPLOYMENT_TARGET = 9.3;
				MTL_ENABLE_DEBUG_INFO = YES;
				ONLY_ACTIVE_ARCH = YES;
				SDKROOT = iphoneos;
				SWIFT_OPTIMIZATION_LEVEL = "-Onone";
				TARGETED_DEVICE_FAMILY = "1,2";
			};
			name = Debug;
		};
		C8D00DFD1D3D392400DC3FEB /* Release */ = {
			isa = XCBuildConfiguration;
			buildSettings = {
				ALWAYS_SEARCH_USER_PATHS = NO;
				CLANG_ANALYZER_NONNULL = YES;
				CLANG_CXX_LANGUAGE_STANDARD = "gnu++0x";
				CLANG_CXX_LIBRARY = "libc++";
				CLANG_ENABLE_MODULES = YES;
				CLANG_ENABLE_OBJC_ARC = YES;
				CLANG_WARN_BOOL_CONVERSION = YES;
				CLANG_WARN_CONSTANT_CONVERSION = YES;
				CLANG_WARN_DIRECT_OBJC_ISA_USAGE = YES_ERROR;
				CLANG_WARN_EMPTY_BODY = YES;
				CLANG_WARN_ENUM_CONVERSION = YES;
				CLANG_WARN_INT_CONVERSION = YES;
				CLANG_WARN_OBJC_ROOT_CLASS = YES_ERROR;
				CLANG_WARN_UNREACHABLE_CODE = YES;
				CLANG_WARN__DUPLICATE_METHOD_MATCH = YES;
				"CODE_SIGN_IDENTITY[sdk=iphoneos*]" = "iPhone Developer";
				COPY_PHASE_STRIP = NO;
				DEBUG_INFORMATION_FORMAT = "dwarf-with-dsym";
				ENABLE_NS_ASSERTIONS = NO;
				ENABLE_STRICT_OBJC_MSGSEND = YES;
				GCC_C_LANGUAGE_STANDARD = gnu99;
				GCC_NO_COMMON_BLOCKS = YES;
				GCC_WARN_64_TO_32_BIT_CONVERSION = YES;
				GCC_WARN_ABOUT_RETURN_TYPE = YES_ERROR;
				GCC_WARN_UNDECLARED_SELECTOR = YES;
				GCC_WARN_UNINITIALIZED_AUTOS = YES_AGGRESSIVE;
				GCC_WARN_UNUSED_FUNCTION = YES;
				GCC_WARN_UNUSED_VARIABLE = YES;
				IPHONEOS_DEPLOYMENT_TARGET = 9.3;
				MTL_ENABLE_DEBUG_INFO = NO;
				SDKROOT = iphoneos;
				TARGETED_DEVICE_FAMILY = "1,2";
				VALIDATE_PRODUCT = YES;
			};
			name = Release;
		};
		C8D00DFF1D3D392400DC3FEB /* Debug */ = {
			isa = XCBuildConfiguration;
			buildSettings = {
				ASSETCATALOG_COMPILER_APPICON_NAME = AppIcon;
				CODE_SIGN_IDENTITY = "iPhone Developer";
				INFOPLIST_FILE = RunAway/Info.plist;
				LD_RUNPATH_SEARCH_PATHS = "$(inherited) @executable_path/Frameworks";
				PRODUCT_BUNDLE_IDENTIFIER = com.nityamshrestha.RunAway;
				PRODUCT_NAME = "$(TARGET_NAME)";
				TARGETED_DEVICE_FAMILY = "1,2";
			};
			name = Debug;
		};
		C8D00E001D3D392400DC3FEB /* Release */ = {
			isa = XCBuildConfiguration;
			buildSettings = {
				ASSETCATALOG_COMPILER_APPICON_NAME = AppIcon;
				CODE_SIGN_IDENTITY = "iPhone Developer";
				INFOPLIST_FILE = RunAway/Info.plist;
				LD_RUNPATH_SEARCH_PATHS = "$(inherited) @executable_path/Frameworks";
				PRODUCT_BUNDLE_IDENTIFIER = com.nityamshrestha.RunAway;
				PRODUCT_NAME = "$(TARGET_NAME)";
				TARGETED_DEVICE_FAMILY = "1,2";
			};
			name = Release;
		};
		C8D00E021D3D392400DC3FEB /* Debug */ = {
			isa = XCBuildConfiguration;
			buildSettings = {
				BUNDLE_LOADER = "$(TEST_HOST)";
				DEBUG_INFORMATION_FORMAT = dwarf;
				INFOPLIST_FILE = RunAwayTests/Info.plist;
				LD_RUNPATH_SEARCH_PATHS = "$(inherited) @executable_path/Frameworks @loader_path/Frameworks";
				PRODUCT_BUNDLE_IDENTIFIER = com.nityamshrestha.RunAwayTests;
				PRODUCT_NAME = "$(TARGET_NAME)";
				TEST_HOST = "$(BUILT_PRODUCTS_DIR)/RunAway.app/RunAway";
			};
			name = Debug;
		};
		C8D00E031D3D392400DC3FEB /* Release */ = {
			isa = XCBuildConfiguration;
			buildSettings = {
				BUNDLE_LOADER = "$(TEST_HOST)";
				INFOPLIST_FILE = RunAwayTests/Info.plist;
				LD_RUNPATH_SEARCH_PATHS = "$(inherited) @executable_path/Frameworks @loader_path/Frameworks";
				PRODUCT_BUNDLE_IDENTIFIER = com.nityamshrestha.RunAwayTests;
				PRODUCT_NAME = "$(TARGET_NAME)";
				TEST_HOST = "$(BUILT_PRODUCTS_DIR)/RunAway.app/RunAway";
			};
			name = Release;
		};
		C8D00E051D3D392400DC3FEB /* Debug */ = {
			isa = XCBuildConfiguration;
			buildSettings = {
				DEBUG_INFORMATION_FORMAT = dwarf;
				INFOPLIST_FILE = RunAwayUITests/Info.plist;
				LD_RUNPATH_SEARCH_PATHS = "$(inherited) @executable_path/Frameworks @loader_path/Frameworks";
				PRODUCT_BUNDLE_IDENTIFIER = com.nityamshrestha.RunAwayUITests;
				PRODUCT_NAME = "$(TARGET_NAME)";
				TEST_TARGET_NAME = RunAway;
			};
			name = Debug;
		};
		C8D00E061D3D392400DC3FEB /* Release */ = {
			isa = XCBuildConfiguration;
			buildSettings = {
				INFOPLIST_FILE = RunAwayUITests/Info.plist;
				LD_RUNPATH_SEARCH_PATHS = "$(inherited) @executable_path/Frameworks @loader_path/Frameworks";
				PRODUCT_BUNDLE_IDENTIFIER = com.nityamshrestha.RunAwayUITests;
				PRODUCT_NAME = "$(TARGET_NAME)";
				TEST_TARGET_NAME = RunAway;
			};
			name = Release;
		};
/* End XCBuildConfiguration section */

/* Begin XCConfigurationList section */
		C8D00DCD1D3D392300DC3FEB /* Build configuration list for PBXProject "RunAway" */ = {
			isa = XCConfigurationList;
			buildConfigurations = (
				C8D00DFC1D3D392400DC3FEB /* Debug */,
				C8D00DFD1D3D392400DC3FEB /* Release */,
			);
			defaultConfigurationIsVisible = 0;
			defaultConfigurationName = Release;
		};
		C8D00DFE1D3D392400DC3FEB /* Build configuration list for PBXNativeTarget "RunAway" */ = {
			isa = XCConfigurationList;
			buildConfigurations = (
				C8D00DFF1D3D392400DC3FEB /* Debug */,
				C8D00E001D3D392400DC3FEB /* Release */,
			);
			defaultConfigurationIsVisible = 0;
			defaultConfigurationName = Release;
		};
		C8D00E011D3D392400DC3FEB /* Build configuration list for PBXNativeTarget "RunAwayTests" */ = {
			isa = XCConfigurationList;
			buildConfigurations = (
				C8D00E021D3D392400DC3FEB /* Debug */,
				C8D00E031D3D392400DC3FEB /* Release */,
			);
			defaultConfigurationIsVisible = 0;
			defaultConfigurationName = Release;
		};
		C8D00E041D3D392400DC3FEB /* Build configuration list for PBXNativeTarget "RunAwayUITests" */ = {
			isa = XCConfigurationList;
			buildConfigurations = (
				C8D00E051D3D392400DC3FEB /* Debug */,
				C8D00E061D3D392400DC3FEB /* Release */,
			);
			defaultConfigurationIsVisible = 0;
			defaultConfigurationName = Release;
		};
/* End XCConfigurationList section */
	};
	rootObject = C8D00DCA1D3D392300DC3FEB /* Project object */;
}
